
Microsoft Visual Studio Solution File, Format Version 12.00
# Visual Studio 2013
VisualStudioVersion = 12.0.31101.0
MinimumVisualStudioVersion = 10.0.40219.1
Project("{FAE04EC0-301F-11D3-BF4B-00C04F79EFBC}") = "AllocateArray", "AllocateArray\AllocateArray.csproj", "{5237AABA-B21A-463C-840C-726CB4200DD7}"
EndProject
Project("{FAE04EC0-301F-11D3-BF4B-00C04F79EFBC}") = "CompareArrays", "CompareArrays\CompareArrays.csproj", "{0612A9F8-BDF5-4607-95E8-814C9D02DD10}"
EndProject
Project("{FAE04EC0-301F-11D3-BF4B-00C04F79EFBC}") = "CompareCharArrays", "CompareCharArrays\CompareCharArrays.csproj", "{F7E3EDF8-C9EC-4599-8F27-3134BBA61920}"
EndProject
Project("{FAE04EC0-301F-11D3-BF4B-00C04F79EFBC}") = "MaximalSequence", "MaximalSequence\MaximalSequence.csproj", "{8C78FA05-6531-4E8E-844E-17EFA80D7135}"
EndProject
Project("{FAE04EC0-301F-11D3-BF4B-00C04F79EFBC}") = "Maximal increasing sequence", "Maximal increasing sequence\Maximal increasing sequence.csproj", "{F8B861FF-885E-424A-8859-687388E01A3C}"
EndProject
Project("{FAE04EC0-301F-11D3-BF4B-00C04F79EFBC}") = "MaximalKSUm", "MaximalKSUm\MaximalKSUm.csproj", "{A56AE4C9-A31D-4D4B-91F9-12120BA69639}"
EndProject
Project("{FAE04EC0-301F-11D3-BF4B-00C04F79EFBC}") = "SelectionSort", "SelectionSort\SelectionSort.csproj", "{71462648-2A96-4FD8-B406-8895792C5B6B}"
EndProject
Project("{FAE04EC0-301F-11D3-BF4B-00C04F79EFBC}") = "MaximalSum", "MaximalSum\MaximalSum.csproj", "{A779EE1A-6157-447B-B845-E3D5A800DD62}"
EndProject
Global
	GlobalSection(SolutionConfigurationPlatforms) = preSolution
		Debug|Any CPU = Debug|Any CPU
		Release|Any CPU = Release|Any CPU
	EndGlobalSection
	GlobalSection(ProjectConfigurationPlatforms) = postSolution
		{5237AABA-B21A-463C-840C-726CB4200DD7}.Debug|Any CPU.ActiveCfg = Debug|Any CPU
		{5237AABA-B21A-463C-840C-726CB4200DD7}.Debug|Any CPU.Build.0 = Debug|Any CPU
		{5237AABA-B21A-463C-840C-726CB4200DD7}.Release|Any CPU.ActiveCfg = Release|Any CPU
		{5237AABA-B21A-463C-840C-726CB4200DD7}.Release|Any CPU.Build.0 = Release|Any CPU
		{0612A9F8-BDF5-4607-95E8-814C9D02DD10}.Debug|Any CPU.ActiveCfg = Debug|Any CPU
		{0612A9F8-BDF5-4607-95E8-814C9D02DD10}.Debug|Any CPU.Build.0 = Debug|Any CPU
		{0612A9F8-BDF5-4607-95E8-814C9D02DD10}.Release|Any CPU.ActiveCfg = Release|Any CPU
		{0612A9F8-BDF5-4607-95E8-814C9D02DD10}.Release|Any CPU.Build.0 = Release|Any CPU
		{F7E3EDF8-C9EC-4599-8F27-3134BBA61920}.Debug|Any CPU.ActiveCfg = Debug|Any CPU
		{F7E3EDF8-C9EC-4599-8F27-3134BBA61920}.Debug|Any CPU.Build.0 = Debug|Any CPU
		{F7E3EDF8-C9EC-4599-8F27-3134BBA61920}.Release|Any CPU.ActiveCfg = Release|Any CPU
		{F7E3EDF8-C9EC-4599-8F27-3134BBA61920}.Release|Any CPU.Build.0 = Release|Any CPU
		{8C78FA05-6531-4E8E-844E-17EFA80D7135}.Debug|Any CPU.ActiveCfg = Debug|Any CPU
		{8C78FA05-6531-4E8E-844E-17EFA80D7135}.Debug|Any CPU.Build.0 = Debug|Any CPU
		{8C78FA05-6531-4E8E-844E-17EFA80D7135}.Release|Any CPU.ActiveCfg = Release|Any CPU
		{8C78FA05-6531-4E8E-844E-17EFA80D7135}.Release|Any CPU.Build.0 = Release|Any CPU
		{F8B861FF-885E-424A-8859-687388E01A3C}.Debug|Any CPU.ActiveCfg = Debug|Any CPU
		{F8B861FF-885E-424A-8859-687388E01A3C}.Debug|Any CPU.Build.0 = Debug|Any CPU
		{F8B861FF-885E-424A-8859-687388E01A3C}.Release|Any CPU.ActiveCfg = Release|Any CPU
		{F8B861FF-885E-424A-8859-687388E01A3C}.Release|Any CPU.Build.0 = Release|Any CPU
		{A56AE4C9-A31D-4D4B-91F9-12120BA69639}.Debug|Any CPU.ActiveCfg = Debug|Any CPU
		{A56AE4C9-A31D-4D4B-91F9-12120BA69639}.Debug|Any CPU.Build.0 = Debug|Any CPU
		{A56AE4C9-A31D-4D4B-91F9-12120BA69639}.Release|Any CPU.ActiveCfg = Release|Any CPU
		{A56AE4C9-A31D-4D4B-91F9-12120BA69639}.Release|Any CPU.Build.0 = Release|Any CPU
		{71462648-2A96-4FD8-B406-8895792C5B6B}.Debug|Any CPU.ActiveCfg = Debug|Any CPU
		{71462648-2A96-4FD8-B406-8895792C5B6B}.Debug|Any CPU.Build.0 = Debug|Any CPU
		{71462648-2A96-4FD8-B406-8895792C5B6B}.Release|Any CPU.ActiveCfg = Release|Any CPU
		{71462648-2A96-4FD8-B406-8895792C5B6B}.Release|Any CPU.Build.0 = Release|Any CPU
		{A779EE1A-6157-447B-B845-E3D5A800DD62}.Debug|Any CPU.ActiveCfg = Debug|Any CPU
		{A779EE1A-6157-447B-B845-E3D5A800DD62}.Debug|Any CPU.Build.0 = Debug|Any CPU
		{A779EE1A-6157-447B-B845-E3D5A800DD62}.Release|Any CPU.ActiveCfg = Release|Any CPU
		{A779EE1A-6157-447B-B845-E3D5A800DD62}.Release|Any CPU.Build.0 = Release|Any CPU
	EndGlobalSection
	GlobalSection(SolutionProperties) = preSolution
		HideSolutionNode = FALSE
	EndGlobalSection
EndGlobal
